
Microsoft Visual Studio Solution File, Format Version 12.00
# Visual Studio Version 17
VisualStudioVersion = 17.0.31903.59
MinimumVisualStudioVersion = 10.0.40219.1
Project("{2150E333-8FDC-42A3-9474-1A3956D46DE8}") = "src", "src", "{827E0CD3-B72D-47B6-A68D-7590B98EB39B}"
EndProject
Project("{2150E333-8FDC-42A3-9474-1A3956D46DE8}") = "Services", "Services", "{984BB9B3-3FA3-BE33-9484-CAC21695A33C}"
EndProject
Project("{FAE04EC0-301F-11D3-BF4B-00C04F79EFBC}") = "Products", "src\Services\Products\Products.csproj", "{4C3D9B54-BB23-44AB-A95A-74634E59719A}"
EndProject
Project("{FAE04EC0-301F-11D3-BF4B-00C04F79EFBC}") = "Recipes", "src\Services\Receipts\Recipes.csproj", "{7587CEC9-09A6-44F5-9CF7-7F9EB9DAB4D3}"
EndProject
Project("{FAE04EC0-301F-11D3-BF4B-00C04F79EFBC}") = "MenuGenerator", "src\Services\MenuGenerator\MenuGenerator.csproj", "{B50006C5-AF29-4DEC-BFC2-2A9907CD5C1A}"
EndProject
Project("{FAE04EC0-301F-11D3-BF4B-00C04F79EFBC}") = "BuildingBlocks", "src\Services\BuildingBlocks\BuildingBlocks.csproj", "{38572E7E-91F1-4630-99B0-43F1F0106BFA}"
EndProject
Global
	GlobalSection(SolutionConfigurationPlatforms) = preSolution
		Debug|Any CPU = Debug|Any CPU
		Debug|x64 = Debug|x64
		Debug|x86 = Debug|x86
		Release|Any CPU = Release|Any CPU
		Release|x64 = Release|x64
		Release|x86 = Release|x86
	EndGlobalSection
	GlobalSection(ProjectConfigurationPlatforms) = postSolution
		{4C3D9B54-BB23-44AB-A95A-74634E59719A}.Debug|Any CPU.ActiveCfg = Debug|Any CPU
		{4C3D9B54-BB23-44AB-A95A-74634E59719A}.Debug|Any CPU.Build.0 = Debug|Any CPU
		{4C3D9B54-BB23-44AB-A95A-74634E59719A}.Debug|x64.ActiveCfg = Debug|Any CPU
		{4C3D9B54-BB23-44AB-A95A-74634E59719A}.Debug|x64.Build.0 = Debug|Any CPU
		{4C3D9B54-BB23-44AB-A95A-74634E59719A}.Debug|x86.ActiveCfg = Debug|Any CPU
		{4C3D9B54-BB23-44AB-A95A-74634E59719A}.Debug|x86.Build.0 = Debug|Any CPU
		{4C3D9B54-BB23-44AB-A95A-74634E59719A}.Release|Any CPU.ActiveCfg = Release|Any CPU
		{4C3D9B54-BB23-44AB-A95A-74634E59719A}.Release|Any CPU.Build.0 = Release|Any CPU
		{4C3D9B54-BB23-44AB-A95A-74634E59719A}.Release|x64.ActiveCfg = Release|Any CPU
		{4C3D9B54-BB23-44AB-A95A-74634E59719A}.Release|x64.Build.0 = Release|Any CPU
		{4C3D9B54-BB23-44AB-A95A-74634E59719A}.Release|x86.ActiveCfg = Release|Any CPU
		{4C3D9B54-BB23-44AB-A95A-74634E59719A}.Release|x86.Build.0 = Release|Any CPU
		{7587CEC9-09A6-44F5-9CF7-7F9EB9DAB4D3}.Debug|Any CPU.ActiveCfg = Debug|Any CPU
		{7587CEC9-09A6-44F5-9CF7-7F9EB9DAB4D3}.Debug|Any CPU.Build.0 = Debug|Any CPU
		{7587CEC9-09A6-44F5-9CF7-7F9EB9DAB4D3}.Debug|x64.ActiveCfg = Debug|Any CPU
		{7587CEC9-09A6-44F5-9CF7-7F9EB9DAB4D3}.Debug|x64.Build.0 = Debug|Any CPU
		{7587CEC9-09A6-44F5-9CF7-7F9EB9DAB4D3}.Debug|x86.ActiveCfg = Debug|Any CPU
		{7587CEC9-09A6-44F5-9CF7-7F9EB9DAB4D3}.Debug|x86.Build.0 = Debug|Any CPU
		{7587CEC9-09A6-44F5-9CF7-7F9EB9DAB4D3}.Release|Any CPU.ActiveCfg = Release|Any CPU
		{7587CEC9-09A6-44F5-9CF7-7F9EB9DAB4D3}.Release|Any CPU.Build.0 = Release|Any CPU
		{7587CEC9-09A6-44F5-9CF7-7F9EB9DAB4D3}.Release|x64.ActiveCfg = Release|Any CPU
		{7587CEC9-09A6-44F5-9CF7-7F9EB9DAB4D3}.Release|x64.Build.0 = Release|Any CPU
		{7587CEC9-09A6-44F5-9CF7-7F9EB9DAB4D3}.Release|x86.ActiveCfg = Release|Any CPU
		{7587CEC9-09A6-44F5-9CF7-7F9EB9DAB4D3}.Release|x86.Build.0 = Release|Any CPU
		{B50006C5-AF29-4DEC-BFC2-2A9907CD5C1A}.Debug|Any CPU.ActiveCfg = Debug|Any CPU
		{B50006C5-AF29-4DEC-BFC2-2A9907CD5C1A}.Debug|Any CPU.Build.0 = Debug|Any CPU
		{B50006C5-AF29-4DEC-BFC2-2A9907CD5C1A}.Debug|x64.ActiveCfg = Debug|Any CPU
		{B50006C5-AF29-4DEC-BFC2-2A9907CD5C1A}.Debug|x64.Build.0 = Debug|Any CPU
		{B50006C5-AF29-4DEC-BFC2-2A9907CD5C1A}.Debug|x86.ActiveCfg = Debug|Any CPU
		{B50006C5-AF29-4DEC-BFC2-2A9907CD5C1A}.Debug|x86.Build.0 = Debug|Any CPU
		{B50006C5-AF29-4DEC-BFC2-2A9907CD5C1A}.Release|Any CPU.ActiveCfg = Release|Any CPU
		{B50006C5-AF29-4DEC-BFC2-2A9907CD5C1A}.Release|Any CPU.Build.0 = Release|Any CPU
		{B50006C5-AF29-4DEC-BFC2-2A9907CD5C1A}.Release|x64.ActiveCfg = Release|Any CPU
		{B50006C5-AF29-4DEC-BFC2-2A9907CD5C1A}.Release|x64.Build.0 = Release|Any CPU
		{B50006C5-AF29-4DEC-BFC2-2A9907CD5C1A}.Release|x86.ActiveCfg = Release|Any CPU
		{B50006C5-AF29-4DEC-BFC2-2A9907CD5C1A}.Release|x86.Build.0 = Release|Any CPU
		{38572E7E-91F1-4630-99B0-43F1F0106BFA}.Debug|Any CPU.ActiveCfg = Debug|Any CPU
		{38572E7E-91F1-4630-99B0-43F1F0106BFA}.Debug|Any CPU.Build.0 = Debug|Any CPU
		{38572E7E-91F1-4630-99B0-43F1F0106BFA}.Debug|x64.ActiveCfg = Debug|Any CPU
		{38572E7E-91F1-4630-99B0-43F1F0106BFA}.Debug|x64.Build.0 = Debug|Any CPU
		{38572E7E-91F1-4630-99B0-43F1F0106BFA}.Debug|x86.ActiveCfg = Debug|Any CPU
		{38572E7E-91F1-4630-99B0-43F1F0106BFA}.Debug|x86.Build.0 = Debug|Any CPU
		{38572E7E-91F1-4630-99B0-43F1F0106BFA}.Release|Any CPU.ActiveCfg = Release|Any CPU
		{38572E7E-91F1-4630-99B0-43F1F0106BFA}.Release|Any CPU.Build.0 = Release|Any CPU
		{38572E7E-91F1-4630-99B0-43F1F0106BFA}.Release|x64.ActiveCfg = Release|Any CPU
		{38572E7E-91F1-4630-99B0-43F1F0106BFA}.Release|x64.Build.0 = Release|Any CPU
		{38572E7E-91F1-4630-99B0-43F1F0106BFA}.Release|x86.ActiveCfg = Release|Any CPU
		{38572E7E-91F1-4630-99B0-43F1F0106BFA}.Release|x86.Build.0 = Release|Any CPU
	EndGlobalSection
	GlobalSection(SolutionProperties) = preSolution
		HideSolutionNode = FALSE
	EndGlobalSection
	GlobalSection(NestedProjects) = preSolution
		{984BB9B3-3FA3-BE33-9484-CAC21695A33C} = {827E0CD3-B72D-47B6-A68D-7590B98EB39B}
		{4C3D9B54-BB23-44AB-A95A-74634E59719A} = {984BB9B3-3FA3-BE33-9484-CAC21695A33C}
		{7587CEC9-09A6-44F5-9CF7-7F9EB9DAB4D3} = {984BB9B3-3FA3-BE33-9484-CAC21695A33C}
		{B50006C5-AF29-4DEC-BFC2-2A9907CD5C1A} = {984BB9B3-3FA3-BE33-9484-CAC21695A33C}
		{38572E7E-91F1-4630-99B0-43F1F0106BFA} = {984BB9B3-3FA3-BE33-9484-CAC21695A33C}
	EndGlobalSection
EndGlobal
